
Microsoft Visual Studio Solution File, Format Version 12.00
# Visual Studio Version 17
VisualStudioVersion = 17.3.32825.248
MinimumVisualStudioVersion = 10.0.40219.1
Project("{9A19103F-16F7-4668-BE54-9A1E7A4F7556}") = "WebApi.Framework", "WebApi.Framework.csproj", "{0AB07ED9-BA87-4FFA-8F62-2B7A8E0419C6}"
EndProject
Project("{9A19103F-16F7-4668-BE54-9A1E7A4F7556}") = "WebApi.Framework.Tests", "WebApi.Framework.Tests\WebApi.Framework.Tests.csproj", "{361D32E8-F406-44C1-9AFA-5FDBD7980DA1}"
EndProject
Global
	GlobalSection(SolutionConfigurationPlatforms) = preSolution
		Debug|Any CPU = Debug|Any CPU
		Release|Any CPU = Release|Any CPU
	EndGlobalSection
	GlobalSection(ProjectConfigurationPlatforms) = postSolution
		{0AB07ED9-BA87-4FFA-8F62-2B7A8E0419C6}.Debug|Any CPU.ActiveCfg = Debug|Any CPU
		{0AB07ED9-BA87-4FFA-8F62-2B7A8E0419C6}.Debug|Any CPU.Build.0 = Debug|Any CPU
		{0AB07ED9-BA87-4FFA-8F62-2B7A8E0419C6}.Release|Any CPU.ActiveCfg = Release|Any CPU
		{0AB07ED9-BA87-4FFA-8F62-2B7A8E0419C6}.Release|Any CPU.Build.0 = Release|Any CPU
		{361D32E8-F406-44C1-9AFA-5FDBD7980DA1}.Debug|Any CPU.ActiveCfg = Debug|Any CPU
		{361D32E8-F406-44C1-9AFA-5FDBD7980DA1}.Debug|Any CPU.Build.0 = Debug|Any CPU
		{361D32E8-F406-44C1-9AFA-5FDBD7980DA1}.Release|Any CPU.ActiveCfg = Release|Any CPU
		{361D32E8-F406-44C1-9AFA-5FDBD7980DA1}.Release|Any CPU.Build.0 = Release|Any CPU
	EndGlobalSection
	GlobalSection(SolutionProperties) = preSolution
		HideSolutionNode = FALSE
	EndGlobalSection
	GlobalSection(ExtensibilityGlobals) = postSolution
		SolutionGuid = {38EB90D6-8DFB-4BAA-803B-0EF3B7F4973B}
	EndGlobalSection
EndGlobal
